{
  "object": {
    "pins": [
      {
        "package": "SwiftGraph",
        "repositoryURL": "https://github.com/davecom/SwiftGraph",
        "state": {
          "branch": null,
          "revision": "3e9ed26e380b40fcadf80ef5d588829ced251673",
          "version": "3.0.0"
        }
      }
    ]
  },
  "version": 1
}
