{
  "object": {
    "pins": [
      {
        "package": "SwiftGraph",
        "repositoryURL": "https://github.com/davecom/SwiftGraph",
        "state": {
          "branch": "release2.1/swift5",
          "revision": "17f2a279a3a591a460206eb12a8e776278fc1d1e",
          "version": null
        }
      }
    ]
  },
  "version": 1
}
